{
    "_readme": [
        "This file locks the dependencies of your project to a known state",
        "Read more about it at https://getcomposer.org/doc/01-basic-usage.md#installing-dependencies",
        "This file is @generated automatically"
    ],
    "content-hash": "d3f851d3d0469460aeaaca9083b177ca",
    "packages": [],
    "packages-dev": [
        {
            "name": "tempest/highlight",
            "version": "2.22.0",
            "source": {
                "type": "git",
                "url": "https://github.com/tempestphp/highlight.git",
                "reference": "b966e3d747888e94990934533d8ca4c368f667a9"
            },
            "dist": {
                "type": "zip",
                "url": "https://api.github.com/repos/tempestphp/highlight/zipball/b966e3d747888e94990934533d8ca4c368f667a9",
                "reference": "b966e3d747888e94990934533d8ca4c368f667a9",
                "shasum": ""
            },
            "require": {
                "php": "^8.4"
            },
            "require-dev": {
                "assertchris/ellison": "^1.0.2",
                "friendsofphp/php-cs-fixer": "^3.84",
                "league/commonmark": "^2.4",
                "phpbench/phpbench": "^1.4",
                "phpstan/phpstan": "^2.1",
                "phpunit/phpunit": "^12.0",
                "symfony/var-dumper": "^6.4|^7.0|^8.0"
            },
            "suggest": {
                "assertchris/ellison": "Allows you to analyse sentence complexity",
                "league/commonmark": "Adds markdown support"
            },
            "type": "library",
            "autoload": {
                "psr-4": {
                    "Tempest\\Highlight\\": "src/"
                }
            },
            "notification-url": "https://packagist.org/downloads/",
            "license": [
                "MIT"
            ],
            "authors": [
                {
                    "name": "Brent Roose",
                    "email": "brendt@stitcher.io"
                }
            ],
            "description": "Fast, extensible, server-side code highlighting",
            "support": {
                "issues": "https://github.com/tempestphp/highlight/issues",
                "source": "https://github.com/tempestphp/highlight/tree/2.22.0"
            },
            "funding": [
                {
                    "url": "https://github.com/brendt",
                    "type": "github"
                }
            ],
            "time": "2026-04-21T06:27:04+00:00"
        }
    ],
    "aliases": [],
    "minimum-stability": "stable",
    "stability-flags": {},
    "prefer-stable": false,
    "prefer-lowest": false,
    "platform": {
        "php": "^8.4"
    },
    "platform-dev": {},
    "platform-overrides": {
        "php": "8.4"
    },
    "plugin-api-version": "2.9.0"
}
